{
  "name": "Sistema_contable",
  "lockfileVersion": 2,
  "requires": true,
  "packages": {
    "": {
      "dependencies": {
        "disable-devtool": "^0.3.0"
      }
    },
    "node_modules/disable-devtool": {
      "version": "0.3.0",
      "resolved": "https://registry.npmjs.org/disable-devtool/-/disable-devtool-0.3.0.tgz",
      "integrity": "sha512-g7VTjf0pY0vVo0hC+q+a7b6bxDZ1z/w7KVT+iNLmFtXO+CpW15zRKo7ntVyrrVLu0XcWIDa1WfU5AFZMS4dA/w=="
    }
  },
  "dependencies": {
    "disable-devtool": {
      "version": "0.3.0",
      "resolved": "https://registry.npmjs.org/disable-devtool/-/disable-devtool-0.3.0.tgz",
      "integrity": "sha512-g7VTjf0pY0vVo0hC+q+a7b6bxDZ1z/w7KVT+iNLmFtXO+CpW15zRKo7ntVyrrVLu0XcWIDa1WfU5AFZMS4dA/w=="
    }
  }
}
